
Microsoft Visual Studio Solution File, Format Version 12.00
# Visual Studio Version 17
VisualStudioVersion = 17.5.002.0
MinimumVisualStudioVersion = 10.0.40219.1
Project("{9A19103F-16F7-4668-BE54-9A1E7A4F7556}") = "DesafioProjetoHospedagem", "DesafioProjetoHospedagem.csproj", "{D70ADC93-CDAF-4B78-B1FC-09D39813B733}"
EndProject
Global
	GlobalSection(SolutionConfigurationPlatforms) = preSolution
		Debug|Any CPU = Debug|Any CPU
		Release|Any CPU = Release|Any CPU
	EndGlobalSection
	GlobalSection(ProjectConfigurationPlatforms) = postSolution
		{D70ADC93-CDAF-4B78-B1FC-09D39813B733}.Debug|Any CPU.ActiveCfg = Debug|Any CPU
		{D70ADC93-CDAF-4B78-B1FC-09D39813B733}.Debug|Any CPU.Build.0 = Debug|Any CPU
		{D70ADC93-CDAF-4B78-B1FC-09D39813B733}.Release|Any CPU.ActiveCfg = Release|Any CPU
		{D70ADC93-CDAF-4B78-B1FC-09D39813B733}.Release|Any CPU.Build.0 = Release|Any CPU
	EndGlobalSection
	GlobalSection(SolutionProperties) = preSolution
		HideSolutionNode = FALSE
	EndGlobalSection
	GlobalSection(ExtensibilityGlobals) = postSolution
		SolutionGuid = {3FAD837C-7A3A-4637-837C-3938C2613E81}
	EndGlobalSection
EndGlobal
